// !$*UTF8*$!
{
	archiveVersion = 1;
	classes = {
	};
	objectVersion = 48;
	objects = {

/* Begin PBXBuildFile section */
		47B44CE2155DD49CC1F8A8F4 /* libPods-Test-iOS.a in Frameworks */ = {isa = PBXBuildFile; fileRef = 315C7E6772024C22BD086A56 /* libPods-Test-iOS.a */; };
		D5F9F4D8208F217A00427201 /* Test_iOS.swift in Sources */ = {isa = PBXBuildFile; fileRef = D5F9F4D7208F217A00427201 /* Test_iOS.swift */; };
		D5F9F4E4208F25E700427201 /* shadow.m in Sources */ = {isa = PBXBuildFile; fileRef = D5F9F4E3208F25E700427201 /* shadow.m */; };
/* End PBXBuildFile section */

/* Begin PBXFileReference section */
		315C7E6772024C22BD086A56 /* libPods-Test-iOS.a */ = {isa = PBXFileReference; explicitFileType = archive.ar; includeInIndex = 0; path = "libPods-Test-iOS.a"; sourceTree = BUILT_PRODUCTS_DIR; };
		51B6E2E8389FA8B31B728BC9 /* Pods-Test-iOS.release.xcconfig */ = {isa = PBXFileReference; includeInIndex = 1; lastKnownFileType = text.xcconfig; name = "Pods-Test-iOS.release.xcconfig"; path = "Pods/Target Support Files/Pods-Test-iOS/Pods-Test-iOS.release.xcconfig"; sourceTree = "<group>"; };
		A2739E95C550FEE8CC48583F /* Pods-Test-iOS.debug.xcconfig */ = {isa = PBXFileReference; includeInIndex = 1; lastKnownFileType = text.xcconfig; name = "Pods-Test-iOS.debug.xcconfig"; path = "Pods/Target Support Files/Pods-Test-iOS/Pods-Test-iOS.debug.xcconfig"; sourceTree = "<group>"; };
		D558FDFD2046927100A01EE6 /* README.md */ = {isa = PBXFileReference; fileEncoding = 4; lastKnownFileType = net.daringfireball.markdown; path = README.md; sourceTree = "<group>"; };
		D5CFF54E204521E000D47917 /* MBAppKit.podspec */ = {isa = PBXFileReference; explicitFileType = text.script.ruby; path = MBAppKit.podspec; sourceTree = "<group>"; xcLanguageSpecificationIdentifier = xcode.lang.ruby; };
		D5F9F4D5208F217A00427201 /* Test-iOS.xctest */ = {isa = PBXFileReference; explicitFileType = wrapper.cfbundle; includeInIndex = 0; path = "Test-iOS.xctest"; sourceTree = BUILT_PRODUCTS_DIR; };
		D5F9F4D7208F217A00427201 /* Test_iOS.swift */ = {isa = PBXFileReference; lastKnownFileType = sourcecode.swift; path = Test_iOS.swift; sourceTree = "<group>"; };
		D5F9F4D9208F217A00427201 /* Info.plist */ = {isa = PBXFileReference; lastKnownFileType = text.plist.xml; path = Info.plist; sourceTree = "<group>"; };
		D5F9F4E2208F25E600427201 /* OC-Bridging-Header.h */ = {isa = PBXFileReference; lastKnownFileType = sourcecode.c.h; path = "OC-Bridging-Header.h"; sourceTree = "<group>"; };
		D5F9F4E3208F25E700427201 /* shadow.m */ = {isa = PBXFileReference; fileEncoding = 4; lastKnownFileType = sourcecode.c.objc; path = shadow.m; sourceTree = "<group>"; };
/* End PBXFileReference section */

/* Begin PBXFrameworksBuildPhase section */
		D5F9F4D2208F217A00427201 /* Frameworks */ = {
			isa = PBXFrameworksBuildPhase;
			buildActionMask = 2147483647;
			files = (
				47B44CE2155DD49CC1F8A8F4 /* libPods-Test-iOS.a in Frameworks */,
			);
			runOnlyForDeploymentPostprocessing = 0;
		};
/* End PBXFrameworksBuildPhase section */

/* Begin PBXGroup section */
		A2062B4966742DB76E4293A8 /* Pods */ = {
			isa = PBXGroup;
			children = (
				A2739E95C550FEE8CC48583F /* Pods-Test-iOS.debug.xcconfig */,
				51B6E2E8389FA8B31B728BC9 /* Pods-Test-iOS.release.xcconfig */,
			);
			name = Pods;
			sourceTree = "<group>";
		};
		D5CFF0EE20450E5A00D47917 = {
			isa = PBXGroup;
			children = (
				F85DEE878A11D5D9E9E0C062 /* Frameworks */,
				A2062B4966742DB76E4293A8 /* Pods */,
				D5CFF0F820450E5A00D47917 /* Products */,
				D5F9F4DD208F218C00427201 /* Test */,
				D5CFF54E204521E000D47917 /* MBAppKit.podspec */,
				D558FDFD2046927100A01EE6 /* README.md */,
			);
			sourceTree = "<group>";
		};
		D5CFF0F820450E5A00D47917 /* Products */ = {
			isa = PBXGroup;
			children = (
				D5F9F4D5208F217A00427201 /* Test-iOS.xctest */,
			);
			name = Products;
			sourceTree = "<group>";
		};
		D5F9F4D6208F217A00427201 /* iOS */ = {
			isa = PBXGroup;
			children = (
				D5F9F4E2208F25E600427201 /* OC-Bridging-Header.h */,
				D5F9F4D9208F217A00427201 /* Info.plist */,
				D5F9F4D7208F217A00427201 /* Test_iOS.swift */,
			);
			path = iOS;
			sourceTree = "<group>";
		};
		D5F9F4DD208F218C00427201 /* Test */ = {
			isa = PBXGroup;
			children = (
				D5F9F4D6208F217A00427201 /* iOS */,
				D5F9F4E1208F22F000427201 /* Shared */,
			);
			path = Test;
			sourceTree = "<group>";
		};
		D5F9F4E1208F22F000427201 /* Shared */ = {
			isa = PBXGroup;
			children = (
				D5F9F4E3208F25E700427201 /* shadow.m */,
			);
			path = Shared;
			sourceTree = "<group>";
		};
		F85DEE878A11D5D9E9E0C062 /* Frameworks */ = {
			isa = PBXGroup;
			children = (
				315C7E6772024C22BD086A56 /* libPods-Test-iOS.a */,
			);
			name = Frameworks;
			sourceTree = "<group>";
		};
/* End PBXGroup section */

/* Begin PBXNativeTarget section */
		D5F9F4D4208F217A00427201 /* Test-iOS */ = {
			isa = PBXNativeTarget;
			buildConfigurationList = D5F9F4DA208F217A00427201 /* Build configuration list for PBXNativeTarget "Test-iOS" */;
			buildPhases = (
				B76C2E15AFB32C2027F413C8 /* [CP] Check Pods Manifest.lock */,
				D5F9F4D1208F217A00427201 /* Sources */,
				D5F9F4D2208F217A00427201 /* Frameworks */,
				D5F9F4D3208F217A00427201 /* Resources */,
			);
			buildRules = (
			);
			dependencies = (
			);
			name = "Test-iOS";
			productName = "Test-iOS";
			productReference = D5F9F4D5208F217A00427201 /* Test-iOS.xctest */;
			productType = "com.apple.product-type.bundle.unit-test";
		};
/* End PBXNativeTarget section */

/* Begin PBXProject section */
		D5CFF0EF20450E5A00D47917 /* Project object */ = {
			isa = PBXProject;
			attributes = {
				LastSwiftUpdateCheck = 0930;
				LastUpgradeCheck = 0920;
				ORGANIZATIONNAME = RFUI;
				TargetAttributes = {
					D5F9F4D4208F217A00427201 = {
						CreatedOnToolsVersion = 9.3;
						LastSwiftMigration = 0930;
						ProvisioningStyle = Automatic;
					};
				};
			};
			buildConfigurationList = D5CFF0F220450E5A00D47917 /* Build configuration list for PBXProject "MBAppKit" */;
			compatibilityVersion = "Xcode 8.0";
			developmentRegion = en;
			hasScannedForEncodings = 0;
			knownRegions = (
				en,
				"zh-Hans",
			);
			mainGroup = D5CFF0EE20450E5A00D47917;
			productRefGroup = D5CFF0F820450E5A00D47917 /* Products */;
			projectDirPath = "";
			projectRoot = "";
			targets = (
				D5F9F4D4208F217A00427201 /* Test-iOS */,
			);
		};
/* End PBXProject section */

/* Begin PBXResourcesBuildPhase section */
		D5F9F4D3208F217A00427201 /* Resources */ = {
			isa = PBXResourcesBuildPhase;
			buildActionMask = 2147483647;
			files = (
			);
			runOnlyForDeploymentPostprocessing = 0;
		};
/* End PBXResourcesBuildPhase section */

/* Begin PBXShellScriptBuildPhase section */
		B76C2E15AFB32C2027F413C8 /* [CP] Check Pods Manifest.lock */ = {
			isa = PBXShellScriptBuildPhase;
			buildActionMask = 2147483647;
			files = (
			);
			inputPaths = (
				"${PODS_PODFILE_DIR_PATH}/Podfile.lock",
				"${PODS_ROOT}/Manifest.lock",
			);
			name = "[CP] Check Pods Manifest.lock";
			outputPaths = (
				"$(DERIVED_FILE_DIR)/Pods-Test-iOS-checkManifestLockResult.txt",
			);
			runOnlyForDeploymentPostprocessing = 0;
			shellPath = /bin/sh;
			shellScript = "diff \"${PODS_PODFILE_DIR_PATH}/Podfile.lock\" \"${PODS_ROOT}/Manifest.lock\" > /dev/null\nif [ $? != 0 ] ; then\n    # print error to STDERR\n    echo \"error: The sandbox is not in sync with the Podfile.lock. Run 'pod install' or update your CocoaPods installation.\" >&2\n    exit 1\nfi\n# This output is used by Xcode 'outputs' to avoid re-running this script phase.\necho \"SUCCESS\" > \"${SCRIPT_OUTPUT_FILE_0}\"\n";
			showEnvVarsInLog = 0;
		};
/* End PBXShellScriptBuildPhase section */

/* Begin PBXSourcesBuildPhase section */
		D5F9F4D1208F217A00427201 /* Sources */ = {
			isa = PBXSourcesBuildPhase;
			buildActionMask = 2147483647;
			files = (
				D5F9F4D8208F217A00427201 /* Test_iOS.swift in Sources */,
				D5F9F4E4208F25E700427201 /* shadow.m in Sources */,
			);
			runOnlyForDeploymentPostprocessing = 0;
		};
/* End PBXSourcesBuildPhase section */

/* Begin XCBuildConfiguration section */
		D5CFF0FE20450E5A00D47917 /* Debug */ = {
			isa = XCBuildConfiguration;
			buildSettings = {
				ALWAYS_SEARCH_USER_PATHS = NO;
				CLANG_ANALYZER_NONNULL = YES;
				CLANG_ANALYZER_NUMBER_OBJECT_CONVERSION = YES_AGGRESSIVE;
				CLANG_CXX_LANGUAGE_STANDARD = "gnu++14";
				CLANG_CXX_LIBRARY = "libc++";
				CLANG_ENABLE_MODULES = YES;
				CLANG_ENABLE_OBJC_ARC = YES;
				CLANG_WARN_BLOCK_CAPTURE_AUTORELEASING = YES;
				CLANG_WARN_BOOL_CONVERSION = YES;
				CLANG_WARN_COMMA = YES;
				CLANG_WARN_CONSTANT_CONVERSION = YES;
				CLANG_WARN_DIRECT_OBJC_ISA_USAGE = YES_ERROR;
				CLANG_WARN_DOCUMENTATION_COMMENTS = YES;
				CLANG_WARN_EMPTY_BODY = YES;
				CLANG_WARN_ENUM_CONVERSION = YES;
				CLANG_WARN_INFINITE_RECURSION = YES;
				CLANG_WARN_INT_CONVERSION = YES;
				CLANG_WARN_NON_LITERAL_NULL_CONVERSION = YES;
				CLANG_WARN_OBJC_LITERAL_CONVERSION = YES;
				CLANG_WARN_OBJC_ROOT_CLASS = YES_ERROR;
				CLANG_WARN_RANGE_LOOP_ANALYSIS = YES;
				CLANG_WARN_STRICT_PROTOTYPES = YES;
				CLANG_WARN_SUSPICIOUS_MOVE = YES;
				CLANG_WARN_UNGUARDED_AVAILABILITY = YES_AGGRESSIVE;
				CLANG_WARN_UNREACHABLE_CODE = YES;
				CLANG_WARN__DUPLICATE_METHOD_MATCH = YES;
				CODE_SIGN_IDENTITY = "iPhone Developer";
				COPY_PHASE_STRIP = NO;
				DEBUG_INFORMATION_FORMAT = dwarf;
				ENABLE_STRICT_OBJC_MSGSEND = YES;
				ENABLE_TESTABILITY = YES;
				GCC_C_LANGUAGE_STANDARD = gnu11;
				GCC_DYNAMIC_NO_PIC = NO;
				GCC_NO_COMMON_BLOCKS = YES;
				GCC_OPTIMIZATION_LEVEL = 0;
				GCC_PREPROCESSOR_DEFINITIONS = (
					"DEBUG=1",
					"$(inherited)",
				);
				GCC_WARN_64_TO_32_BIT_CONVERSION = YES;
				GCC_WARN_ABOUT_RETURN_TYPE = YES_ERROR;
				GCC_WARN_UNDECLARED_SELECTOR = YES;
				GCC_WARN_UNINITIALIZED_AUTOS = YES_AGGRESSIVE;
				GCC_WARN_UNUSED_FUNCTION = YES;
				GCC_WARN_UNUSED_VARIABLE = YES;
				HEADER_SEARCH_PATHS = "\"$(SRCROOT)/../Pods/Headers/Public\"/**";
				MTL_ENABLE_DEBUG_INFO = YES;
				ONLY_ACTIVE_ARCH = YES;
				SDKROOT = iphoneos;
			};
			name = Debug;
		};
		D5CFF0FF20450E5A00D47917 /* Release */ = {
			isa = XCBuildConfiguration;
			buildSettings = {
				ALWAYS_SEARCH_USER_PATHS = NO;
				CLANG_ANALYZER_NONNULL = YES;
				CLANG_ANALYZER_NUMBER_OBJECT_CONVERSION = YES_AGGRESSIVE;
				CLANG_CXX_LANGUAGE_STANDARD = "gnu++14";
				CLANG_CXX_LIBRARY = "libc++";
				CLANG_ENABLE_MODULES = YES;
				CLANG_ENABLE_OBJC_ARC = YES;
				CLANG_WARN_BLOCK_CAPTURE_AUTORELEASING = YES;
				CLANG_WARN_BOOL_CONVERSION = YES;
				CLANG_WARN_COMMA = YES;
				CLANG_WARN_CONSTANT_CONVERSION = YES;
				CLANG_WARN_DIRECT_OBJC_ISA_USAGE = YES_ERROR;
				CLANG_WARN_DOCUMENTATION_COMMENTS = YES;
				CLANG_WARN_EMPTY_BODY = YES;
				CLANG_WARN_ENUM_CONVERSION = YES;
				CLANG_WARN_INFINITE_RECURSION = YES;
				CLANG_WARN_INT_CONVERSION = YES;
				CLANG_WARN_NON_LITERAL_NULL_CONVERSION = YES;
				CLANG_WARN_OBJC_LITERAL_CONVERSION = YES;
				CLANG_WARN_OBJC_ROOT_CLASS = YES_ERROR;
				CLANG_WARN_RANGE_LOOP_ANALYSIS = YES;
				CLANG_WARN_STRICT_PROTOTYPES = YES;
				CLANG_WARN_SUSPICIOUS_MOVE = YES;
				CLANG_WARN_UNGUARDED_AVAILABILITY = YES_AGGRESSIVE;
				CLANG_WARN_UNREACHABLE_CODE = YES;
				CLANG_WARN__DUPLICATE_METHOD_MATCH = YES;
				CODE_SIGN_IDENTITY = "iPhone Developer";
				COPY_PHASE_STRIP = NO;
				DEBUG_INFORMATION_FORMAT = "dwarf-with-dsym";
				ENABLE_NS_ASSERTIONS = NO;
				ENABLE_STRICT_OBJC_MSGSEND = YES;
				GCC_C_LANGUAGE_STANDARD = gnu11;
				GCC_NO_COMMON_BLOCKS = YES;
				GCC_WARN_64_TO_32_BIT_CONVERSION = YES;
				GCC_WARN_ABOUT_RETURN_TYPE = YES_ERROR;
				GCC_WARN_UNDECLARED_SELECTOR = YES;
				GCC_WARN_UNINITIALIZED_AUTOS = YES_AGGRESSIVE;
				GCC_WARN_UNUSED_FUNCTION = YES;
				GCC_WARN_UNUSED_VARIABLE = YES;
				HEADER_SEARCH_PATHS = "\"$(SRCROOT)/../Pods/Headers/Public\"/**";
				MTL_ENABLE_DEBUG_INFO = NO;
				SDKROOT = iphoneos;
				VALIDATE_PRODUCT = YES;
			};
			name = Release;
		};
		D5F9F4DB208F217A00427201 /* Debug */ = {
			isa = XCBuildConfiguration;
			baseConfigurationReference = A2739E95C550FEE8CC48583F /* Pods-Test-iOS.debug.xcconfig */;
			buildSettings = {
				CLANG_ENABLE_MODULES = YES;
				CLANG_ENABLE_OBJC_WEAK = YES;
				CLANG_WARN_DEPRECATED_OBJC_IMPLEMENTATIONS = YES;
				CLANG_WARN_OBJC_IMPLICIT_RETAIN_SELF = YES;
				CODE_SIGN_STYLE = Automatic;
				INFOPLIST_FILE = Test/iOS/Info.plist;
				IPHONEOS_DEPLOYMENT_TARGET = 11.3;
				LD_RUNPATH_SEARCH_PATHS = "$(inherited) @executable_path/Frameworks @loader_path/Frameworks";
				PRODUCT_BUNDLE_IDENTIFIER = "com.github.RFUI.MBAppKit.Test-iOS";
				PRODUCT_NAME = "$(TARGET_NAME)";
				SWIFT_ACTIVE_COMPILATION_CONDITIONS = DEBUG;
				SWIFT_OBJC_BRIDGING_HEADER = "Test/iOS/OC-Bridging-Header.h";
				SWIFT_OPTIMIZATION_LEVEL = "-Onone";
				SWIFT_VERSION = 4.0;
				TARGETED_DEVICE_FAMILY = "1,2";
			};
			name = Debug;
		};
		D5F9F4DC208F217A00427201 /* Release */ = {
			isa = XCBuildConfiguration;
			baseConfigurationReference = 51B6E2E8389FA8B31B728BC9 /* Pods-Test-iOS.release.xcconfig */;
			buildSettings = {
				CLANG_ENABLE_MODULES = YES;
				CLANG_ENABLE_OBJC_WEAK = YES;
				CLANG_WARN_DEPRECATED_OBJC_IMPLEMENTATIONS = YES;
				CLANG_WARN_OBJC_IMPLICIT_RETAIN_SELF = YES;
				CODE_SIGN_STYLE = Automatic;
				INFOPLIST_FILE = Test/iOS/Info.plist;
				IPHONEOS_DEPLOYMENT_TARGET = 11.3;
				LD_RUNPATH_SEARCH_PATHS = "$(inherited) @executable_path/Frameworks @loader_path/Frameworks";
				PRODUCT_BUNDLE_IDENTIFIER = "com.github.RFUI.MBAppKit.Test-iOS";
				PRODUCT_NAME = "$(TARGET_NAME)";
				SWIFT_OBJC_BRIDGING_HEADER = "Test/iOS/OC-Bridging-Header.h";
				SWIFT_OPTIMIZATION_LEVEL = "-Owholemodule";
				SWIFT_VERSION = 4.0;
				TARGETED_DEVICE_FAMILY = "1,2";
			};
			name = Release;
		};
/* End XCBuildConfiguration section */

/* Begin XCConfigurationList section */
		D5CFF0F220450E5A00D47917 /* Build configuration list for PBXProject "MBAppKit" */ = {
			isa = XCConfigurationList;
			buildConfigurations = (
				D5CFF0FE20450E5A00D47917 /* Debug */,
				D5CFF0FF20450E5A00D47917 /* Release */,
			);
			defaultConfigurationIsVisible = 0;
			defaultConfigurationName = Release;
		};
		D5F9F4DA208F217A00427201 /* Build configuration list for PBXNativeTarget "Test-iOS" */ = {
			isa = XCConfigurationList;
			buildConfigurations = (
				D5F9F4DB208F217A00427201 /* Debug */,
				D5F9F4DC208F217A00427201 /* Release */,
			);
			defaultConfigurationIsVisible = 0;
			defaultConfigurationName = Release;
		};
/* End XCConfigurationList section */
	};
	rootObject = D5CFF0EF20450E5A00D47917 /* Project object */;
}
