// !$*UTF8*$!
{
	archiveVersion = 1;
	classes = {
	};
	objectVersion = 48;
	objects = {

/* Begin PBXBuildFile section */
		8F54E19AC855077BD3424748 /* libPods-MBAppKit.a in Frameworks */ = {isa = PBXBuildFile; fileRef = 3A2C97CA9A73633ED07A548F /* libPods-MBAppKit.a */; };
		D54103E120453CEA00BE79E7 /* MBAPI.m in Sources */ = {isa = PBXBuildFile; fileRef = D54103E020453CEA00BE79E7 /* MBAPI.m */; };
		D54103E320453EC800BE79E7 /* MBAPI.h in Copy Headers to Include */ = {isa = PBXBuildFile; fileRef = D54103DF20453CEA00BE79E7 /* MBAPI.h */; };
		D54103F32045492600BE79E7 /* MBWorkerQueue.m in Sources */ = {isa = PBXBuildFile; fileRef = D54103EC2045492600BE79E7 /* MBWorkerQueue.m */; };
		D54103F42045492600BE79E7 /* MBWorker.m in Sources */ = {isa = PBXBuildFile; fileRef = D54103ED2045492600BE79E7 /* MBWorker.m */; };
		D541040A204572E500BE79E7 /* MBModel.m in Sources */ = {isa = PBXBuildFile; fileRef = D5410408204572E400BE79E7 /* MBModel.m */; };
		D541040D204573A000BE79E7 /* MBGeneralType.m in Sources */ = {isa = PBXBuildFile; fileRef = D541040C204573A000BE79E7 /* MBGeneralType.m */; };
		D5410410204575DE00BE79E7 /* MBModel.h in Copy Headers to Include */ = {isa = PBXBuildFile; fileRef = D5410409204572E500BE79E7 /* MBModel.h */; };
		D5410411204575DE00BE79E7 /* MBGeneralType.h in Copy Headers to Include */ = {isa = PBXBuildFile; fileRef = D541040B204573A000BE79E7 /* MBGeneralType.h */; };
		D5410412204575DE00BE79E7 /* MBWorker.h in Copy Headers to Include */ = {isa = PBXBuildFile; fileRef = D54103EF2045492600BE79E7 /* MBWorker.h */; };
		D5410413204575DE00BE79E7 /* MBWorkerQueue.h in Copy Headers to Include */ = {isa = PBXBuildFile; fileRef = D54103EE2045492600BE79E7 /* MBWorkerQueue.h */; };
		D562811020477EB000E58406 /* MBUserDefaults.m in Sources */ = {isa = PBXBuildFile; fileRef = D562810F20477EB000E58406 /* MBUserDefaults.m */; };
		D562811220478FB700E58406 /* MBUserDefaults.h in Copy Headers to Include */ = {isa = PBXBuildFile; fileRef = D562810E20477EB000E58406 /* MBUserDefaults.h */; };
		D562811320478FB700E58406 /* MBUserDefaultsMakeProperty.h in Copy Headers to Include */ = {isa = PBXBuildFile; fileRef = D56281112047862F00E58406 /* MBUserDefaultsMakeProperty.h */; };
		D59CB01C20452F3500C6A464 /* MBGeneralViewUpdating.m in Sources */ = {isa = PBXBuildFile; fileRef = D59CB00320452F3500C6A464 /* MBGeneralViewUpdating.m */; };
		D59CB01D20452F3600C6A464 /* MBGeneralSetNeedsDoSomthing.m in Sources */ = {isa = PBXBuildFile; fileRef = D59CB00520452F3500C6A464 /* MBGeneralSetNeedsDoSomthing.m */; };
		D59CB01E20452F3600C6A464 /* MBGeneralCallback.m in Sources */ = {isa = PBXBuildFile; fileRef = D59CB00820452F3500C6A464 /* MBGeneralCallback.m */; };
		D59CB01F20452F3600C6A464 /* MBGeneralUnwindSegueExchanging.m in Sources */ = {isa = PBXBuildFile; fileRef = D59CB00920452F3500C6A464 /* MBGeneralUnwindSegueExchanging.m */; };
		D59CB02020452F3600C6A464 /* MBGeneralItemUpdating.m in Sources */ = {isa = PBXBuildFile; fileRef = D59CB00A20452F3500C6A464 /* MBGeneralItemUpdating.m */; };
		D59CB02120452F3600C6A464 /* MBGeneralViewControllerStateTransitions.m in Sources */ = {isa = PBXBuildFile; fileRef = D59CB00B20452F3500C6A464 /* MBGeneralViewControllerStateTransitions.m */; };
		D59CB02220452F3600C6A464 /* MBGeneralCellResponding.m in Sources */ = {isa = PBXBuildFile; fileRef = D59CB00C20452F3500C6A464 /* MBGeneralCellResponding.m */; };
		D59CB02320452F3600C6A464 /* MBGeneralListExchanging.m in Sources */ = {isa = PBXBuildFile; fileRef = D59CB01020452F3500C6A464 /* MBGeneralListExchanging.m */; };
		D59CB02420452F3600C6A464 /* MBGeneralSegue.m in Sources */ = {isa = PBXBuildFile; fileRef = D59CB01220452F3500C6A464 /* MBGeneralSegue.m */; };
		D59CB02620452F5D00C6A464 /* MBGeneral.h in Copy Headers to Include */ = {isa = PBXBuildFile; fileRef = D59CB01820452F3500C6A464 /* MBGeneral.h */; };
		D59CB02720452F5D00C6A464 /* MBGeneralCallback.h in Copy Headers to Include */ = {isa = PBXBuildFile; fileRef = D59CB01720452F3500C6A464 /* MBGeneralCallback.h */; };
		D59CB02820452F5D00C6A464 /* MBGeneralCellResponding.h in Copy Headers to Include */ = {isa = PBXBuildFile; fileRef = D59CB01420452F3500C6A464 /* MBGeneralCellResponding.h */; };
		D59CB02920452F5D00C6A464 /* MBGeneralItemExchanging.h in Copy Headers to Include */ = {isa = PBXBuildFile; fileRef = D59CB00720452F3500C6A464 /* MBGeneralItemExchanging.h */; };
		D59CB02A20452F5D00C6A464 /* MBGeneralItemUpdating.h in Copy Headers to Include */ = {isa = PBXBuildFile; fileRef = D59CB01520452F3500C6A464 /* MBGeneralItemUpdating.h */; };
		D59CB02B20452F5D00C6A464 /* MBGeneralListDisplaying.h in Copy Headers to Include */ = {isa = PBXBuildFile; fileRef = D59CB00D20452F3500C6A464 /* MBGeneralListDisplaying.h */; };
		D59CB02C20452F5D00C6A464 /* MBGeneralListExchanging.h in Copy Headers to Include */ = {isa = PBXBuildFile; fileRef = D59CB00420452F3500C6A464 /* MBGeneralListExchanging.h */; };
		D59CB02D20452F5D00C6A464 /* MBGeneralSegue.h in Copy Headers to Include */ = {isa = PBXBuildFile; fileRef = D59CB00620452F3500C6A464 /* MBGeneralSegue.h */; };
		D59CB02E20452F5D00C6A464 /* MBGeneralSetNeedsDoSomthing.h in Copy Headers to Include */ = {isa = PBXBuildFile; fileRef = D59CB00F20452F3500C6A464 /* MBGeneralSetNeedsDoSomthing.h */; };
		D59CB02F20452F5D00C6A464 /* MBGeneralUnwindSegueExchanging.h in Copy Headers to Include */ = {isa = PBXBuildFile; fileRef = D59CB01620452F3500C6A464 /* MBGeneralUnwindSegueExchanging.h */; };
		D59CB03020452F5D00C6A464 /* MBGeneralViewControllerStateTransitions.h in Copy Headers to Include */ = {isa = PBXBuildFile; fileRef = D59CB01320452F3500C6A464 /* MBGeneralViewControllerStateTransitions.h */; };
		D59CB03120452F5D00C6A464 /* MBGeneralViewUpdating.h in Copy Headers to Include */ = {isa = PBXBuildFile; fileRef = D59CB01120452F3500C6A464 /* MBGeneralViewUpdating.h */; };
		D5BA55112046365F00E4F335 /* MBUser.m in Sources */ = {isa = PBXBuildFile; fileRef = D5BA550C2046365F00E4F335 /* MBUser.m */; };
		D5BA55122046367200E4F335 /* MBUser.h in Copy Headers to Include */ = {isa = PBXBuildFile; fileRef = D5BA550D2046365F00E4F335 /* MBUser.h */; };
		D5BA552A2046491B00E4F335 /* MBApplicationDelegate.m in Sources */ = {isa = PBXBuildFile; fileRef = D5BA55292046491B00E4F335 /* MBApplicationDelegate.m */; };
		D5BA552D20465AF900E4F335 /* MBApplicationDelegate.h in Copy Headers to Include */ = {isa = PBXBuildFile; fileRef = D5BA55282046491B00E4F335 /* MBApplicationDelegate.h */; };
		D5CFF0FC20450E5A00D47917 /* MBAppKit.m in Sources */ = {isa = PBXBuildFile; fileRef = D5CFF0FB20450E5A00D47917 /* MBAppKit.m */; };
		D5CFF44E20451CBF00D47917 /* MBAppKit.h in Copy Headers to Include */ = {isa = PBXBuildFile; fileRef = D5CFF0FA20450E5A00D47917 /* MBAppKit.h */; };
/* End PBXBuildFile section */

/* Begin PBXContainerItemProxy section */
		D54103CE204531FD00BE79E7 /* PBXContainerItemProxy */ = {
			isa = PBXContainerItemProxy;
			containerPortal = D5CFF0EF20450E5A00D47917 /* Project object */;
			proxyType = 1;
			remoteGlobalIDString = D5CFF0F620450E5A00D47917;
			remoteInfo = MBAppKit;
		};
		D5CFF5932045284F00D47917 /* PBXContainerItemProxy */ = {
			isa = PBXContainerItemProxy;
			containerPortal = D5CFF58B2045284F00D47917 /* Pods.xcodeproj */;
			proxyType = 2;
			remoteGlobalIDString = FD0D63E6860662F35038C82A89D62DB6;
			remoteInfo = "Pods-MBAppKit";
		};
/* End PBXContainerItemProxy section */

/* Begin PBXCopyFilesBuildPhase section */
		D5CFF43D20451C6900D47917 /* Copy Headers to Include */ = {
			isa = PBXCopyFilesBuildPhase;
			buildActionMask = 2147483647;
			dstPath = "$(PROJECT_DIR)/include";
			dstSubfolderSpec = 0;
			files = (
				D54103E320453EC800BE79E7 /* MBAPI.h in Copy Headers to Include */,
				D5CFF44E20451CBF00D47917 /* MBAppKit.h in Copy Headers to Include */,
				D5BA552D20465AF900E4F335 /* MBApplicationDelegate.h in Copy Headers to Include */,
				D59CB02620452F5D00C6A464 /* MBGeneral.h in Copy Headers to Include */,
				D59CB02720452F5D00C6A464 /* MBGeneralCallback.h in Copy Headers to Include */,
				D59CB02820452F5D00C6A464 /* MBGeneralCellResponding.h in Copy Headers to Include */,
				D59CB02920452F5D00C6A464 /* MBGeneralItemExchanging.h in Copy Headers to Include */,
				D59CB02A20452F5D00C6A464 /* MBGeneralItemUpdating.h in Copy Headers to Include */,
				D59CB02B20452F5D00C6A464 /* MBGeneralListDisplaying.h in Copy Headers to Include */,
				D59CB02C20452F5D00C6A464 /* MBGeneralListExchanging.h in Copy Headers to Include */,
				D59CB02D20452F5D00C6A464 /* MBGeneralSegue.h in Copy Headers to Include */,
				D59CB02E20452F5D00C6A464 /* MBGeneralSetNeedsDoSomthing.h in Copy Headers to Include */,
				D5410411204575DE00BE79E7 /* MBGeneralType.h in Copy Headers to Include */,
				D59CB02F20452F5D00C6A464 /* MBGeneralUnwindSegueExchanging.h in Copy Headers to Include */,
				D59CB03020452F5D00C6A464 /* MBGeneralViewControllerStateTransitions.h in Copy Headers to Include */,
				D59CB03120452F5D00C6A464 /* MBGeneralViewUpdating.h in Copy Headers to Include */,
				D5410410204575DE00BE79E7 /* MBModel.h in Copy Headers to Include */,
				D5BA55122046367200E4F335 /* MBUser.h in Copy Headers to Include */,
				D562811220478FB700E58406 /* MBUserDefaults.h in Copy Headers to Include */,
				D562811320478FB700E58406 /* MBUserDefaultsMakeProperty.h in Copy Headers to Include */,
				D5410412204575DE00BE79E7 /* MBWorker.h in Copy Headers to Include */,
				D5410413204575DE00BE79E7 /* MBWorkerQueue.h in Copy Headers to Include */,
			);
			name = "Copy Headers to Include";
			runOnlyForDeploymentPostprocessing = 0;
		};
		D5CFF55F2045223D00D47917 /* Copy Resources */ = {
			isa = PBXCopyFilesBuildPhase;
			buildActionMask = 2147483647;
			dstPath = "$(PROJECT_DIR)/Resources";
			dstSubfolderSpec = 7;
			files = (
			);
			name = "Copy Resources";
			runOnlyForDeploymentPostprocessing = 0;
		};
/* End PBXCopyFilesBuildPhase section */

/* Begin PBXFileReference section */
		3A2C97CA9A73633ED07A548F /* libPods-MBAppKit.a */ = {isa = PBXFileReference; explicitFileType = archive.ar; includeInIndex = 0; path = "libPods-MBAppKit.a"; sourceTree = BUILT_PRODUCTS_DIR; };
		B4FEB880DEA47F3ECACDD291 /* Pods-MBAppKit.release.xcconfig */ = {isa = PBXFileReference; includeInIndex = 1; lastKnownFileType = text.xcconfig; name = "Pods-MBAppKit.release.xcconfig"; path = "Pods/Target Support Files/Pods-MBAppKit/Pods-MBAppKit.release.xcconfig"; sourceTree = "<group>"; };
		D54103DF20453CEA00BE79E7 /* MBAPI.h */ = {isa = PBXFileReference; lastKnownFileType = sourcecode.c.h; path = MBAPI.h; sourceTree = "<group>"; };
		D54103E020453CEA00BE79E7 /* MBAPI.m */ = {isa = PBXFileReference; lastKnownFileType = sourcecode.c.objc; path = MBAPI.m; sourceTree = "<group>"; };
		D54103EC2045492600BE79E7 /* MBWorkerQueue.m */ = {isa = PBXFileReference; fileEncoding = 4; lastKnownFileType = sourcecode.c.objc; path = MBWorkerQueue.m; sourceTree = "<group>"; };
		D54103ED2045492600BE79E7 /* MBWorker.m */ = {isa = PBXFileReference; fileEncoding = 4; lastKnownFileType = sourcecode.c.objc; path = MBWorker.m; sourceTree = "<group>"; };
		D54103EE2045492600BE79E7 /* MBWorkerQueue.h */ = {isa = PBXFileReference; fileEncoding = 4; lastKnownFileType = sourcecode.c.h; path = MBWorkerQueue.h; sourceTree = "<group>"; };
		D54103EF2045492600BE79E7 /* MBWorker.h */ = {isa = PBXFileReference; fileEncoding = 4; lastKnownFileType = sourcecode.c.h; path = MBWorker.h; sourceTree = "<group>"; };
		D54103F720454AE000BE79E7 /* shadow.h */ = {isa = PBXFileReference; fileEncoding = 4; lastKnownFileType = sourcecode.c.h; path = shadow.h; sourceTree = "<group>"; };
		D5410408204572E400BE79E7 /* MBModel.m */ = {isa = PBXFileReference; fileEncoding = 4; lastKnownFileType = sourcecode.c.objc; path = MBModel.m; sourceTree = "<group>"; };
		D5410409204572E500BE79E7 /* MBModel.h */ = {isa = PBXFileReference; fileEncoding = 4; lastKnownFileType = sourcecode.c.h; path = MBModel.h; sourceTree = "<group>"; };
		D541040B204573A000BE79E7 /* MBGeneralType.h */ = {isa = PBXFileReference; lastKnownFileType = sourcecode.c.h; path = MBGeneralType.h; sourceTree = "<group>"; };
		D541040C204573A000BE79E7 /* MBGeneralType.m */ = {isa = PBXFileReference; lastKnownFileType = sourcecode.c.objc; path = MBGeneralType.m; sourceTree = "<group>"; };
		D558FDFD2046927100A01EE6 /* README.md */ = {isa = PBXFileReference; fileEncoding = 4; lastKnownFileType = net.daringfireball.markdown; path = README.md; sourceTree = "<group>"; };
		D56281092046EF0000E58406 /* README.md */ = {isa = PBXFileReference; fileEncoding = 4; lastKnownFileType = net.daringfireball.markdown; path = README.md; sourceTree = "<group>"; };
		D562810E20477EB000E58406 /* MBUserDefaults.h */ = {isa = PBXFileReference; lastKnownFileType = sourcecode.c.h; path = MBUserDefaults.h; sourceTree = "<group>"; };
		D562810F20477EB000E58406 /* MBUserDefaults.m */ = {isa = PBXFileReference; lastKnownFileType = sourcecode.c.objc; path = MBUserDefaults.m; sourceTree = "<group>"; };
		D56281112047862F00E58406 /* MBUserDefaultsMakeProperty.h */ = {isa = PBXFileReference; lastKnownFileType = sourcecode.c.h; path = MBUserDefaultsMakeProperty.h; sourceTree = "<group>"; };
		D59CB00320452F3500C6A464 /* MBGeneralViewUpdating.m */ = {isa = PBXFileReference; fileEncoding = 4; lastKnownFileType = sourcecode.c.objc; path = MBGeneralViewUpdating.m; sourceTree = "<group>"; };
		D59CB00420452F3500C6A464 /* MBGeneralListExchanging.h */ = {isa = PBXFileReference; fileEncoding = 4; lastKnownFileType = sourcecode.c.h; path = MBGeneralListExchanging.h; sourceTree = "<group>"; };
		D59CB00520452F3500C6A464 /* MBGeneralSetNeedsDoSomthing.m */ = {isa = PBXFileReference; fileEncoding = 4; lastKnownFileType = sourcecode.c.objc; path = MBGeneralSetNeedsDoSomthing.m; sourceTree = "<group>"; };
		D59CB00620452F3500C6A464 /* MBGeneralSegue.h */ = {isa = PBXFileReference; fileEncoding = 4; lastKnownFileType = sourcecode.c.h; path = MBGeneralSegue.h; sourceTree = "<group>"; };
		D59CB00720452F3500C6A464 /* MBGeneralItemExchanging.h */ = {isa = PBXFileReference; fileEncoding = 4; lastKnownFileType = sourcecode.c.h; path = MBGeneralItemExchanging.h; sourceTree = "<group>"; };
		D59CB00820452F3500C6A464 /* MBGeneralCallback.m */ = {isa = PBXFileReference; fileEncoding = 4; lastKnownFileType = sourcecode.c.objc; path = MBGeneralCallback.m; sourceTree = "<group>"; };
		D59CB00920452F3500C6A464 /* MBGeneralUnwindSegueExchanging.m */ = {isa = PBXFileReference; fileEncoding = 4; lastKnownFileType = sourcecode.c.objc; path = MBGeneralUnwindSegueExchanging.m; sourceTree = "<group>"; };
		D59CB00A20452F3500C6A464 /* MBGeneralItemUpdating.m */ = {isa = PBXFileReference; fileEncoding = 4; lastKnownFileType = sourcecode.c.objc; path = MBGeneralItemUpdating.m; sourceTree = "<group>"; };
		D59CB00B20452F3500C6A464 /* MBGeneralViewControllerStateTransitions.m */ = {isa = PBXFileReference; fileEncoding = 4; lastKnownFileType = sourcecode.c.objc; path = MBGeneralViewControllerStateTransitions.m; sourceTree = "<group>"; };
		D59CB00C20452F3500C6A464 /* MBGeneralCellResponding.m */ = {isa = PBXFileReference; fileEncoding = 4; lastKnownFileType = sourcecode.c.objc; path = MBGeneralCellResponding.m; sourceTree = "<group>"; };
		D59CB00D20452F3500C6A464 /* MBGeneralListDisplaying.h */ = {isa = PBXFileReference; fileEncoding = 4; lastKnownFileType = sourcecode.c.h; path = MBGeneralListDisplaying.h; sourceTree = "<group>"; };
		D59CB00E20452F3500C6A464 /* README.md */ = {isa = PBXFileReference; fileEncoding = 4; lastKnownFileType = net.daringfireball.markdown; path = README.md; sourceTree = "<group>"; };
		D59CB00F20452F3500C6A464 /* MBGeneralSetNeedsDoSomthing.h */ = {isa = PBXFileReference; fileEncoding = 4; lastKnownFileType = sourcecode.c.h; path = MBGeneralSetNeedsDoSomthing.h; sourceTree = "<group>"; };
		D59CB01020452F3500C6A464 /* MBGeneralListExchanging.m */ = {isa = PBXFileReference; fileEncoding = 4; lastKnownFileType = sourcecode.c.objc; path = MBGeneralListExchanging.m; sourceTree = "<group>"; };
		D59CB01120452F3500C6A464 /* MBGeneralViewUpdating.h */ = {isa = PBXFileReference; fileEncoding = 4; lastKnownFileType = sourcecode.c.h; path = MBGeneralViewUpdating.h; sourceTree = "<group>"; };
		D59CB01220452F3500C6A464 /* MBGeneralSegue.m */ = {isa = PBXFileReference; fileEncoding = 4; lastKnownFileType = sourcecode.c.objc; path = MBGeneralSegue.m; sourceTree = "<group>"; };
		D59CB01320452F3500C6A464 /* MBGeneralViewControllerStateTransitions.h */ = {isa = PBXFileReference; fileEncoding = 4; lastKnownFileType = sourcecode.c.h; path = MBGeneralViewControllerStateTransitions.h; sourceTree = "<group>"; };
		D59CB01420452F3500C6A464 /* MBGeneralCellResponding.h */ = {isa = PBXFileReference; fileEncoding = 4; lastKnownFileType = sourcecode.c.h; path = MBGeneralCellResponding.h; sourceTree = "<group>"; };
		D59CB01520452F3500C6A464 /* MBGeneralItemUpdating.h */ = {isa = PBXFileReference; fileEncoding = 4; lastKnownFileType = sourcecode.c.h; path = MBGeneralItemUpdating.h; sourceTree = "<group>"; };
		D59CB01620452F3500C6A464 /* MBGeneralUnwindSegueExchanging.h */ = {isa = PBXFileReference; fileEncoding = 4; lastKnownFileType = sourcecode.c.h; path = MBGeneralUnwindSegueExchanging.h; sourceTree = "<group>"; };
		D59CB01720452F3500C6A464 /* MBGeneralCallback.h */ = {isa = PBXFileReference; fileEncoding = 4; lastKnownFileType = sourcecode.c.h; path = MBGeneralCallback.h; sourceTree = "<group>"; };
		D59CB01820452F3500C6A464 /* MBGeneral.h */ = {isa = PBXFileReference; fileEncoding = 4; lastKnownFileType = sourcecode.c.h; path = MBGeneral.h; sourceTree = "<group>"; };
		D5BA550C2046365F00E4F335 /* MBUser.m */ = {isa = PBXFileReference; fileEncoding = 4; lastKnownFileType = sourcecode.c.objc; path = MBUser.m; sourceTree = "<group>"; };
		D5BA550D2046365F00E4F335 /* MBUser.h */ = {isa = PBXFileReference; fileEncoding = 4; lastKnownFileType = sourcecode.c.h; path = MBUser.h; sourceTree = "<group>"; };
		D5BA55282046491B00E4F335 /* MBApplicationDelegate.h */ = {isa = PBXFileReference; fileEncoding = 4; lastKnownFileType = sourcecode.c.h; path = MBApplicationDelegate.h; sourceTree = "<group>"; };
		D5BA55292046491B00E4F335 /* MBApplicationDelegate.m */ = {isa = PBXFileReference; fileEncoding = 4; lastKnownFileType = sourcecode.c.objc; path = MBApplicationDelegate.m; sourceTree = "<group>"; };
		D5CFF0F720450E5A00D47917 /* libMBAppKit.a */ = {isa = PBXFileReference; explicitFileType = archive.ar; includeInIndex = 0; path = libMBAppKit.a; sourceTree = BUILT_PRODUCTS_DIR; };
		D5CFF0FA20450E5A00D47917 /* MBAppKit.h */ = {isa = PBXFileReference; lastKnownFileType = sourcecode.c.h; path = MBAppKit.h; sourceTree = "<group>"; };
		D5CFF0FB20450E5A00D47917 /* MBAppKit.m */ = {isa = PBXFileReference; lastKnownFileType = sourcecode.c.objc; path = MBAppKit.m; sourceTree = "<group>"; };
		D5CFF54E204521E000D47917 /* MBAppKit.podspec */ = {isa = PBXFileReference; explicitFileType = text.script.ruby; path = MBAppKit.podspec; sourceTree = "<group>"; xcLanguageSpecificationIdentifier = xcode.lang.ruby; };
		D5CFF58B2045284F00D47917 /* Pods.xcodeproj */ = {isa = PBXFileReference; lastKnownFileType = "wrapper.pb-project"; name = Pods.xcodeproj; path = Pods/Pods.xcodeproj; sourceTree = "<group>"; };
		EEC1950217389F8927C6CE98 /* Pods-MBAppKit.debug.xcconfig */ = {isa = PBXFileReference; includeInIndex = 1; lastKnownFileType = text.xcconfig; name = "Pods-MBAppKit.debug.xcconfig"; path = "Pods/Target Support Files/Pods-MBAppKit/Pods-MBAppKit.debug.xcconfig"; sourceTree = "<group>"; };
/* End PBXFileReference section */

/* Begin PBXFrameworksBuildPhase section */
		D5CFF0F420450E5A00D47917 /* Frameworks */ = {
			isa = PBXFrameworksBuildPhase;
			buildActionMask = 2147483647;
			files = (
				8F54E19AC855077BD3424748 /* libPods-MBAppKit.a in Frameworks */,
			);
			runOnlyForDeploymentPostprocessing = 0;
		};
/* End PBXFrameworksBuildPhase section */

/* Begin PBXGroup section */
		13DB3867BBA4EA494F41DF26 /* Frameworks */ = {
			isa = PBXGroup;
			children = (
				3A2C97CA9A73633ED07A548F /* libPods-MBAppKit.a */,
			);
			name = Frameworks;
			sourceTree = "<group>";
		};
		A2062B4966742DB76E4293A8 /* Pods */ = {
			isa = PBXGroup;
			children = (
				EEC1950217389F8927C6CE98 /* Pods-MBAppKit.debug.xcconfig */,
				B4FEB880DEA47F3ECACDD291 /* Pods-MBAppKit.release.xcconfig */,
			);
			name = Pods;
			sourceTree = "<group>";
		};
		D524251C2046E99400460DF5 /* AppImplementation */ = {
			isa = PBXGroup;
			children = (
				D56281092046EF0000E58406 /* README.md */,
			);
			path = AppImplementation;
			sourceTree = "<group>";
		};
		D54103DB20453CD000BE79E7 /* MBAPI */ = {
			isa = PBXGroup;
			children = (
				D54103DF20453CEA00BE79E7 /* MBAPI.h */,
				D54103E020453CEA00BE79E7 /* MBAPI.m */,
			);
			path = MBAPI;
			sourceTree = "<group>";
		};
		D54103EB2045492600BE79E7 /* MBWorker */ = {
			isa = PBXGroup;
			children = (
				D54103EF2045492600BE79E7 /* MBWorker.h */,
				D54103ED2045492600BE79E7 /* MBWorker.m */,
				D54103EE2045492600BE79E7 /* MBWorkerQueue.h */,
				D54103EC2045492600BE79E7 /* MBWorkerQueue.m */,
			);
			path = MBWorker;
			sourceTree = "<group>";
		};
		D5410403204572BA00BE79E7 /* MBModel */ = {
			isa = PBXGroup;
			children = (
				D5410409204572E500BE79E7 /* MBModel.h */,
				D5410408204572E400BE79E7 /* MBModel.m */,
			);
			path = MBModel;
			sourceTree = "<group>";
		};
		D562810C20477E6D00E58406 /* MBUserDefaults */ = {
			isa = PBXGroup;
			children = (
				D562810E20477EB000E58406 /* MBUserDefaults.h */,
				D562810F20477EB000E58406 /* MBUserDefaults.m */,
				D56281112047862F00E58406 /* MBUserDefaultsMakeProperty.h */,
			);
			path = MBUserDefaults;
			sourceTree = "<group>";
		};
		D59CB00220452F3500C6A464 /* MBGeneral */ = {
			isa = PBXGroup;
			children = (
				D59CB01820452F3500C6A464 /* MBGeneral.h */,
				D59CB01720452F3500C6A464 /* MBGeneralCallback.h */,
				D59CB00820452F3500C6A464 /* MBGeneralCallback.m */,
				D59CB01420452F3500C6A464 /* MBGeneralCellResponding.h */,
				D59CB00C20452F3500C6A464 /* MBGeneralCellResponding.m */,
				D59CB00720452F3500C6A464 /* MBGeneralItemExchanging.h */,
				D59CB01520452F3500C6A464 /* MBGeneralItemUpdating.h */,
				D59CB00A20452F3500C6A464 /* MBGeneralItemUpdating.m */,
				D59CB00D20452F3500C6A464 /* MBGeneralListDisplaying.h */,
				D59CB00420452F3500C6A464 /* MBGeneralListExchanging.h */,
				D59CB01020452F3500C6A464 /* MBGeneralListExchanging.m */,
				D59CB00620452F3500C6A464 /* MBGeneralSegue.h */,
				D59CB01220452F3500C6A464 /* MBGeneralSegue.m */,
				D59CB00F20452F3500C6A464 /* MBGeneralSetNeedsDoSomthing.h */,
				D59CB00520452F3500C6A464 /* MBGeneralSetNeedsDoSomthing.m */,
				D541040B204573A000BE79E7 /* MBGeneralType.h */,
				D541040C204573A000BE79E7 /* MBGeneralType.m */,
				D59CB01620452F3500C6A464 /* MBGeneralUnwindSegueExchanging.h */,
				D59CB00920452F3500C6A464 /* MBGeneralUnwindSegueExchanging.m */,
				D59CB01320452F3500C6A464 /* MBGeneralViewControllerStateTransitions.h */,
				D59CB00B20452F3500C6A464 /* MBGeneralViewControllerStateTransitions.m */,
				D59CB01120452F3500C6A464 /* MBGeneralViewUpdating.h */,
				D59CB00320452F3500C6A464 /* MBGeneralViewUpdating.m */,
				D59CB00E20452F3500C6A464 /* README.md */,
			);
			path = MBGeneral;
			sourceTree = "<group>";
		};
		D5BA550B2046365F00E4F335 /* MBUser */ = {
			isa = PBXGroup;
			children = (
				D5BA550D2046365F00E4F335 /* MBUser.h */,
				D5BA550C2046365F00E4F335 /* MBUser.m */,
			);
			path = MBUser;
			sourceTree = "<group>";
		};
		D5BA5524204648F300E4F335 /* MBApplicationDelegate */ = {
			isa = PBXGroup;
			children = (
				D5BA55282046491B00E4F335 /* MBApplicationDelegate.h */,
				D5BA55292046491B00E4F335 /* MBApplicationDelegate.m */,
			);
			path = MBApplicationDelegate;
			sourceTree = "<group>";
		};
		D5CFF0EE20450E5A00D47917 = {
			isa = PBXGroup;
			children = (
				13DB3867BBA4EA494F41DF26 /* Frameworks */,
				D5CFF0F920450E5A00D47917 /* MBAppKit */,
				A2062B4966742DB76E4293A8 /* Pods */,
				D5CFF0F820450E5A00D47917 /* Products */,
				D5CFF54E204521E000D47917 /* MBAppKit.podspec */,
				D5CFF58B2045284F00D47917 /* Pods.xcodeproj */,
				D558FDFD2046927100A01EE6 /* README.md */,
			);
			sourceTree = "<group>";
		};
		D5CFF0F820450E5A00D47917 /* Products */ = {
			isa = PBXGroup;
			children = (
				D5CFF0F720450E5A00D47917 /* libMBAppKit.a */,
			);
			name = Products;
			sourceTree = "<group>";
		};
		D5CFF0F920450E5A00D47917 /* MBAppKit */ = {
			isa = PBXGroup;
			children = (
				D524251C2046E99400460DF5 /* AppImplementation */,
				D54103DB20453CD000BE79E7 /* MBAPI */,
				D5BA5524204648F300E4F335 /* MBApplicationDelegate */,
				D59CB00220452F3500C6A464 /* MBGeneral */,
				D5410403204572BA00BE79E7 /* MBModel */,
				D5BA550B2046365F00E4F335 /* MBUser */,
				D562810C20477E6D00E58406 /* MBUserDefaults */,
				D54103EB2045492600BE79E7 /* MBWorker */,
				D5CFF0FA20450E5A00D47917 /* MBAppKit.h */,
				D5CFF0FB20450E5A00D47917 /* MBAppKit.m */,
				D54103F720454AE000BE79E7 /* shadow.h */,
			);
			path = MBAppKit;
			sourceTree = "<group>";
		};
		D5CFF58C2045284F00D47917 /* Products */ = {
			isa = PBXGroup;
			children = (
				D5CFF5942045284F00D47917 /* libPods-MBAppKit.a */,
			);
			name = Products;
			sourceTree = "<group>";
		};
/* End PBXGroup section */

/* Begin PBXLegacyTarget section */
		D59CB03D204530D500C6A464 /* Refresh */ = {
			isa = PBXLegacyTarget;
			buildArgumentsString = "";
			buildConfigurationList = D59CB03E204530D500C6A464 /* Build configuration list for PBXLegacyTarget "Refresh" */;
			buildPhases = (
			);
			buildToolPath = ./Support/refresh.sh;
			buildWorkingDirectory = "$(PROJECT_DIR)";
			dependencies = (
				D54103CF204531FD00BE79E7 /* PBXTargetDependency */,
			);
			name = Refresh;
			passBuildSettingsInEnvironment = 1;
			productName = Refresh;
		};
/* End PBXLegacyTarget section */

/* Begin PBXNativeTarget section */
		D5CFF0F620450E5A00D47917 /* MBAppKit */ = {
			isa = PBXNativeTarget;
			buildConfigurationList = D5CFF10020450E5A00D47917 /* Build configuration list for PBXNativeTarget "MBAppKit" */;
			buildPhases = (
				614ECD64F00C2973997363E4 /* [CP] Check Pods Manifest.lock */,
				D5CFF57E2045240800D47917 /* 清理旧编译 */,
				D5CFF0F320450E5A00D47917 /* Sources */,
				D5CFF0F420450E5A00D47917 /* Frameworks */,
				78F5846F3287D22FD0B9188C /* [CP] Copy Pods Resources */,
				D5CFF55F2045223D00D47917 /* Copy Resources */,
				D5CFF43D20451C6900D47917 /* Copy Headers to Include */,
			);
			buildRules = (
			);
			dependencies = (
			);
			name = MBAppKit;
			productName = MBAppKit;
			productReference = D5CFF0F720450E5A00D47917 /* libMBAppKit.a */;
			productType = "com.apple.product-type.library.static";
		};
/* End PBXNativeTarget section */

/* Begin PBXProject section */
		D5CFF0EF20450E5A00D47917 /* Project object */ = {
			isa = PBXProject;
			attributes = {
				LastUpgradeCheck = 0920;
				ORGANIZATIONNAME = RFUI;
				TargetAttributes = {
					D59CB03D204530D500C6A464 = {
						CreatedOnToolsVersion = 9.2;
						ProvisioningStyle = Automatic;
					};
					D5CFF0F620450E5A00D47917 = {
						CreatedOnToolsVersion = 9.2;
						ProvisioningStyle = Automatic;
					};
				};
			};
			buildConfigurationList = D5CFF0F220450E5A00D47917 /* Build configuration list for PBXProject "MBAppKit" */;
			compatibilityVersion = "Xcode 8.0";
			developmentRegion = en;
			hasScannedForEncodings = 0;
			knownRegions = (
				en,
				"zh-Hans",
			);
			mainGroup = D5CFF0EE20450E5A00D47917;
			productRefGroup = D5CFF0F820450E5A00D47917 /* Products */;
			projectDirPath = "";
			projectReferences = (
				{
					ProductGroup = D5CFF58C2045284F00D47917 /* Products */;
					ProjectRef = D5CFF58B2045284F00D47917 /* Pods.xcodeproj */;
				},
			);
			projectRoot = "";
			targets = (
				D5CFF0F620450E5A00D47917 /* MBAppKit */,
				D59CB03D204530D500C6A464 /* Refresh */,
			);
		};
/* End PBXProject section */

/* Begin PBXReferenceProxy section */
		D5CFF5942045284F00D47917 /* libPods-MBAppKit.a */ = {
			isa = PBXReferenceProxy;
			fileType = archive.ar;
			path = "libPods-MBAppKit.a";
			remoteRef = D5CFF5932045284F00D47917 /* PBXContainerItemProxy */;
			sourceTree = BUILT_PRODUCTS_DIR;
		};
/* End PBXReferenceProxy section */

/* Begin PBXShellScriptBuildPhase section */
		614ECD64F00C2973997363E4 /* [CP] Check Pods Manifest.lock */ = {
			isa = PBXShellScriptBuildPhase;
			buildActionMask = 2147483647;
			files = (
			);
			inputPaths = (
				"${PODS_PODFILE_DIR_PATH}/Podfile.lock",
				"${PODS_ROOT}/Manifest.lock",
			);
			name = "[CP] Check Pods Manifest.lock";
			outputPaths = (
				"$(DERIVED_FILE_DIR)/Pods-MBAppKit-checkManifestLockResult.txt",
			);
			runOnlyForDeploymentPostprocessing = 0;
			shellPath = /bin/sh;
			shellScript = "diff \"${PODS_PODFILE_DIR_PATH}/Podfile.lock\" \"${PODS_ROOT}/Manifest.lock\" > /dev/null\nif [ $? != 0 ] ; then\n    # print error to STDERR\n    echo \"error: The sandbox is not in sync with the Podfile.lock. Run 'pod install' or update your CocoaPods installation.\" >&2\n    exit 1\nfi\n# This output is used by Xcode 'outputs' to avoid re-running this script phase.\necho \"SUCCESS\" > \"${SCRIPT_OUTPUT_FILE_0}\"\n";
			showEnvVarsInLog = 0;
		};
		78F5846F3287D22FD0B9188C /* [CP] Copy Pods Resources */ = {
			isa = PBXShellScriptBuildPhase;
			buildActionMask = 2147483647;
			files = (
			);
			inputPaths = (
			);
			name = "[CP] Copy Pods Resources";
			outputPaths = (
			);
			runOnlyForDeploymentPostprocessing = 0;
			shellPath = /bin/sh;
			shellScript = "\"${SRCROOT}/Pods/Target Support Files/Pods-MBAppKit/Pods-MBAppKit-resources.sh\"\n";
			showEnvVarsInLog = 0;
		};
		D5CFF57E2045240800D47917 /* 清理旧编译 */ = {
			isa = PBXShellScriptBuildPhase;
			buildActionMask = 2147483647;
			files = (
			);
			inputPaths = (
			);
			name = "清理旧编译";
			outputPaths = (
			);
			runOnlyForDeploymentPostprocessing = 0;
			shellPath = /bin/sh;
			shellScript = "rm -rf \"$(PROJECT_DIR)/include\"\n\"${MBBuildScriptRoot}/clean.sh\"";
			showEnvVarsInLog = 0;
		};
/* End PBXShellScriptBuildPhase section */

/* Begin PBXSourcesBuildPhase section */
		D5CFF0F320450E5A00D47917 /* Sources */ = {
			isa = PBXSourcesBuildPhase;
			buildActionMask = 2147483647;
			files = (
				D54103E120453CEA00BE79E7 /* MBAPI.m in Sources */,
				D5CFF0FC20450E5A00D47917 /* MBAppKit.m in Sources */,
				D5BA552A2046491B00E4F335 /* MBApplicationDelegate.m in Sources */,
				D59CB01E20452F3600C6A464 /* MBGeneralCallback.m in Sources */,
				D59CB02220452F3600C6A464 /* MBGeneralCellResponding.m in Sources */,
				D59CB02020452F3600C6A464 /* MBGeneralItemUpdating.m in Sources */,
				D59CB02320452F3600C6A464 /* MBGeneralListExchanging.m in Sources */,
				D59CB02420452F3600C6A464 /* MBGeneralSegue.m in Sources */,
				D59CB01D20452F3600C6A464 /* MBGeneralSetNeedsDoSomthing.m in Sources */,
				D541040D204573A000BE79E7 /* MBGeneralType.m in Sources */,
				D59CB01F20452F3600C6A464 /* MBGeneralUnwindSegueExchanging.m in Sources */,
				D59CB02120452F3600C6A464 /* MBGeneralViewControllerStateTransitions.m in Sources */,
				D59CB01C20452F3500C6A464 /* MBGeneralViewUpdating.m in Sources */,
				D541040A204572E500BE79E7 /* MBModel.m in Sources */,
				D5BA55112046365F00E4F335 /* MBUser.m in Sources */,
				D562811020477EB000E58406 /* MBUserDefaults.m in Sources */,
				D54103F42045492600BE79E7 /* MBWorker.m in Sources */,
				D54103F32045492600BE79E7 /* MBWorkerQueue.m in Sources */,
			);
			runOnlyForDeploymentPostprocessing = 0;
		};
/* End PBXSourcesBuildPhase section */

/* Begin PBXTargetDependency section */
		D54103CF204531FD00BE79E7 /* PBXTargetDependency */ = {
			isa = PBXTargetDependency;
			target = D5CFF0F620450E5A00D47917 /* MBAppKit */;
			targetProxy = D54103CE204531FD00BE79E7 /* PBXContainerItemProxy */;
		};
/* End PBXTargetDependency section */

/* Begin XCBuildConfiguration section */
		D59CB03F204530D500C6A464 /* Debug */ = {
			isa = XCBuildConfiguration;
			buildSettings = {
			};
			name = Debug;
		};
		D59CB040204530D500C6A464 /* Release */ = {
			isa = XCBuildConfiguration;
			buildSettings = {
			};
			name = Release;
		};
		D5CFF0FE20450E5A00D47917 /* Debug */ = {
			isa = XCBuildConfiguration;
			buildSettings = {
				ALWAYS_SEARCH_USER_PATHS = NO;
				CLANG_ANALYZER_NONNULL = YES;
				CLANG_ANALYZER_NUMBER_OBJECT_CONVERSION = YES_AGGRESSIVE;
				CLANG_CXX_LANGUAGE_STANDARD = "gnu++14";
				CLANG_CXX_LIBRARY = "libc++";
				CLANG_ENABLE_MODULES = YES;
				CLANG_ENABLE_OBJC_ARC = YES;
				CLANG_WARN_BLOCK_CAPTURE_AUTORELEASING = YES;
				CLANG_WARN_BOOL_CONVERSION = YES;
				CLANG_WARN_COMMA = YES;
				CLANG_WARN_CONSTANT_CONVERSION = YES;
				CLANG_WARN_DIRECT_OBJC_ISA_USAGE = YES_ERROR;
				CLANG_WARN_DOCUMENTATION_COMMENTS = YES;
				CLANG_WARN_EMPTY_BODY = YES;
				CLANG_WARN_ENUM_CONVERSION = YES;
				CLANG_WARN_INFINITE_RECURSION = YES;
				CLANG_WARN_INT_CONVERSION = YES;
				CLANG_WARN_NON_LITERAL_NULL_CONVERSION = YES;
				CLANG_WARN_OBJC_LITERAL_CONVERSION = YES;
				CLANG_WARN_OBJC_ROOT_CLASS = YES_ERROR;
				CLANG_WARN_RANGE_LOOP_ANALYSIS = YES;
				CLANG_WARN_STRICT_PROTOTYPES = YES;
				CLANG_WARN_SUSPICIOUS_MOVE = YES;
				CLANG_WARN_UNGUARDED_AVAILABILITY = YES_AGGRESSIVE;
				CLANG_WARN_UNREACHABLE_CODE = YES;
				CLANG_WARN__DUPLICATE_METHOD_MATCH = YES;
				CODE_SIGN_IDENTITY = "iPhone Developer";
				COPY_PHASE_STRIP = NO;
				DEBUG_INFORMATION_FORMAT = dwarf;
				ENABLE_STRICT_OBJC_MSGSEND = YES;
				ENABLE_TESTABILITY = YES;
				GCC_C_LANGUAGE_STANDARD = gnu11;
				GCC_DYNAMIC_NO_PIC = NO;
				GCC_NO_COMMON_BLOCKS = YES;
				GCC_OPTIMIZATION_LEVEL = 0;
				GCC_PREPROCESSOR_DEFINITIONS = (
					"DEBUG=1",
					"$(inherited)",
				);
				GCC_WARN_64_TO_32_BIT_CONVERSION = YES;
				GCC_WARN_ABOUT_RETURN_TYPE = YES_ERROR;
				GCC_WARN_UNDECLARED_SELECTOR = YES;
				GCC_WARN_UNINITIALIZED_AUTOS = YES_AGGRESSIVE;
				GCC_WARN_UNUSED_FUNCTION = YES;
				GCC_WARN_UNUSED_VARIABLE = YES;
				HEADER_SEARCH_PATHS = "\"$(SRCROOT)/../Pods/Headers/Public\"/**";
				MTL_ENABLE_DEBUG_INFO = YES;
				ONLY_ACTIVE_ARCH = YES;
				SDKROOT = iphoneos;
			};
			name = Debug;
		};
		D5CFF0FF20450E5A00D47917 /* Release */ = {
			isa = XCBuildConfiguration;
			buildSettings = {
				ALWAYS_SEARCH_USER_PATHS = NO;
				CLANG_ANALYZER_NONNULL = YES;
				CLANG_ANALYZER_NUMBER_OBJECT_CONVERSION = YES_AGGRESSIVE;
				CLANG_CXX_LANGUAGE_STANDARD = "gnu++14";
				CLANG_CXX_LIBRARY = "libc++";
				CLANG_ENABLE_MODULES = YES;
				CLANG_ENABLE_OBJC_ARC = YES;
				CLANG_WARN_BLOCK_CAPTURE_AUTORELEASING = YES;
				CLANG_WARN_BOOL_CONVERSION = YES;
				CLANG_WARN_COMMA = YES;
				CLANG_WARN_CONSTANT_CONVERSION = YES;
				CLANG_WARN_DIRECT_OBJC_ISA_USAGE = YES_ERROR;
				CLANG_WARN_DOCUMENTATION_COMMENTS = YES;
				CLANG_WARN_EMPTY_BODY = YES;
				CLANG_WARN_ENUM_CONVERSION = YES;
				CLANG_WARN_INFINITE_RECURSION = YES;
				CLANG_WARN_INT_CONVERSION = YES;
				CLANG_WARN_NON_LITERAL_NULL_CONVERSION = YES;
				CLANG_WARN_OBJC_LITERAL_CONVERSION = YES;
				CLANG_WARN_OBJC_ROOT_CLASS = YES_ERROR;
				CLANG_WARN_RANGE_LOOP_ANALYSIS = YES;
				CLANG_WARN_STRICT_PROTOTYPES = YES;
				CLANG_WARN_SUSPICIOUS_MOVE = YES;
				CLANG_WARN_UNGUARDED_AVAILABILITY = YES_AGGRESSIVE;
				CLANG_WARN_UNREACHABLE_CODE = YES;
				CLANG_WARN__DUPLICATE_METHOD_MATCH = YES;
				CODE_SIGN_IDENTITY = "iPhone Developer";
				COPY_PHASE_STRIP = NO;
				DEBUG_INFORMATION_FORMAT = "dwarf-with-dsym";
				ENABLE_NS_ASSERTIONS = NO;
				ENABLE_STRICT_OBJC_MSGSEND = YES;
				GCC_C_LANGUAGE_STANDARD = gnu11;
				GCC_NO_COMMON_BLOCKS = YES;
				GCC_WARN_64_TO_32_BIT_CONVERSION = YES;
				GCC_WARN_ABOUT_RETURN_TYPE = YES_ERROR;
				GCC_WARN_UNDECLARED_SELECTOR = YES;
				GCC_WARN_UNINITIALIZED_AUTOS = YES_AGGRESSIVE;
				GCC_WARN_UNUSED_FUNCTION = YES;
				GCC_WARN_UNUSED_VARIABLE = YES;
				HEADER_SEARCH_PATHS = "\"$(SRCROOT)/../Pods/Headers/Public\"/**";
				MTL_ENABLE_DEBUG_INFO = NO;
				SDKROOT = iphoneos;
				VALIDATE_PRODUCT = YES;
			};
			name = Release;
		};
		D5CFF10120450E5A00D47917 /* Debug */ = {
			isa = XCBuildConfiguration;
			baseConfigurationReference = EEC1950217389F8927C6CE98 /* Pods-MBAppKit.debug.xcconfig */;
			buildSettings = {
				CODE_SIGN_STYLE = Automatic;
				OTHER_LDFLAGS = (
					"$(inherited)",
					"-ObjC",
				);
				PRODUCT_NAME = "$(TARGET_NAME)";
				SKIP_INSTALL = YES;
			};
			name = Debug;
		};
		D5CFF10220450E5A00D47917 /* Release */ = {
			isa = XCBuildConfiguration;
			baseConfigurationReference = B4FEB880DEA47F3ECACDD291 /* Pods-MBAppKit.release.xcconfig */;
			buildSettings = {
				CODE_SIGN_STYLE = Automatic;
				OTHER_LDFLAGS = (
					"$(inherited)",
					"-ObjC",
				);
				PRODUCT_NAME = "$(TARGET_NAME)";
				SKIP_INSTALL = YES;
			};
			name = Release;
		};
/* End XCBuildConfiguration section */

/* Begin XCConfigurationList section */
		D59CB03E204530D500C6A464 /* Build configuration list for PBXLegacyTarget "Refresh" */ = {
			isa = XCConfigurationList;
			buildConfigurations = (
				D59CB03F204530D500C6A464 /* Debug */,
				D59CB040204530D500C6A464 /* Release */,
			);
			defaultConfigurationIsVisible = 0;
			defaultConfigurationName = Release;
		};
		D5CFF0F220450E5A00D47917 /* Build configuration list for PBXProject "MBAppKit" */ = {
			isa = XCConfigurationList;
			buildConfigurations = (
				D5CFF0FE20450E5A00D47917 /* Debug */,
				D5CFF0FF20450E5A00D47917 /* Release */,
			);
			defaultConfigurationIsVisible = 0;
			defaultConfigurationName = Release;
		};
		D5CFF10020450E5A00D47917 /* Build configuration list for PBXNativeTarget "MBAppKit" */ = {
			isa = XCConfigurationList;
			buildConfigurations = (
				D5CFF10120450E5A00D47917 /* Debug */,
				D5CFF10220450E5A00D47917 /* Release */,
			);
			defaultConfigurationIsVisible = 0;
			defaultConfigurationName = Release;
		};
/* End XCConfigurationList section */
	};
	rootObject = D5CFF0EF20450E5A00D47917 /* Project object */;
}
